
Microsoft Visual Studio Solution File, Format Version 12.00
# Visual Studio 15
Project("{FAE04EC0-301F-11D3-BF4B-00C04F79EFBC}") = "Assembly-CSharp", "Assembly-CSharp.csproj", "{44C6158E-DA5C-9AC7-41AD-D306E52A9BFC}"
EndProject
Global
	GlobalSection(SolutionConfigurationPlatforms) = preSolution
		Debug|Any CPU = Debug|Any CPU
		Release|Any CPU = Release|Any CPU
	EndGlobalSection
	GlobalSection(ProjectConfigurationPlatforms) = postSolution
		{44C6158E-DA5C-9AC7-41AD-D306E52A9BFC}.Debug|Any CPU.ActiveCfg = Debug|Any CPU
		{44C6158E-DA5C-9AC7-41AD-D306E52A9BFC}.Debug|Any CPU.Build.0 = Debug|Any CPU
		{44C6158E-DA5C-9AC7-41AD-D306E52A9BFC}.Release|Any CPU.ActiveCfg = Release|Any CPU
		{44C6158E-DA5C-9AC7-41AD-D306E52A9BFC}.Release|Any CPU.Build.0 = Release|Any CPU
	EndGlobalSection
	GlobalSection(SolutionProperties) = preSolution
		HideSolutionNode = FALSE
	EndGlobalSection
EndGlobal
